// !$*UTF8*$!
{
	archiveVersion = 1;
	classes = {
	};
	objectVersion = 56;
	objects = {

/* Begin PBXBuildFile section */
		BB3A54F2296EBCAD00593BCB /* MLDropDown.docc in Sources */ = {isa = PBXBuildFile; fileRef = BB3A54F1296EBCAD00593BCB /* MLDropDown.docc */; };
		BB3A54F8296EBCAE00593BCB /* MLDropDown.framework in Frameworks */ = {isa = PBXBuildFile; fileRef = BB3A54ED296EBCAD00593BCB /* MLDropDown.framework */; };
		BB3A54FD296EBCAE00593BCB /* MLDropDownTests.swift in Sources */ = {isa = PBXBuildFile; fileRef = BB3A54FC296EBCAE00593BCB /* MLDropDownTests.swift */; };
		BB3A54FE296EBCAE00593BCB /* MLDropDown.h in Headers */ = {isa = PBXBuildFile; fileRef = BB3A54F0296EBCAD00593BCB /* MLDropDown.h */; settings = {ATTRIBUTES = (Public, ); }; };
		BB3A550E296EBD2F00593BCB /* AppDelegate.swift in Sources */ = {isa = PBXBuildFile; fileRef = BB3A550D296EBD2F00593BCB /* AppDelegate.swift */; };
		BB3A5510296EBD2F00593BCB /* SceneDelegate.swift in Sources */ = {isa = PBXBuildFile; fileRef = BB3A550F296EBD2F00593BCB /* SceneDelegate.swift */; };
		BB3A5512296EBD2F00593BCB /* ViewController.swift in Sources */ = {isa = PBXBuildFile; fileRef = BB3A5511296EBD2F00593BCB /* ViewController.swift */; };
		BB3A5515296EBD2F00593BCB /* Main.storyboard in Resources */ = {isa = PBXBuildFile; fileRef = BB3A5513296EBD2F00593BCB /* Main.storyboard */; };
		BB3A5517296EBD3000593BCB /* Assets.xcassets in Resources */ = {isa = PBXBuildFile; fileRef = BB3A5516296EBD3000593BCB /* Assets.xcassets */; };
		BB3A551A296EBD3000593BCB /* LaunchScreen.storyboard in Resources */ = {isa = PBXBuildFile; fileRef = BB3A5518296EBD3000593BCB /* LaunchScreen.storyboard */; };
/* End PBXBuildFile section */

/* Begin PBXContainerItemProxy section */
		BB3A54F9296EBCAE00593BCB /* PBXContainerItemProxy */ = {
			isa = PBXContainerItemProxy;
			containerPortal = BB3A54E4296EBCAD00593BCB /* Project object */;
			proxyType = 1;
			remoteGlobalIDString = BB3A54EC296EBCAD00593BCB;
			remoteInfo = MLDropDown;
		};
/* End PBXContainerItemProxy section */

/* Begin PBXFileReference section */
		BB3A54ED296EBCAD00593BCB /* MLDropDown.framework */ = {isa = PBXFileReference; explicitFileType = wrapper.framework; includeInIndex = 0; path = MLDropDown.framework; sourceTree = BUILT_PRODUCTS_DIR; };
		BB3A54F0296EBCAD00593BCB /* MLDropDown.h */ = {isa = PBXFileReference; lastKnownFileType = sourcecode.c.h; path = MLDropDown.h; sourceTree = "<group>"; };
		BB3A54F1296EBCAD00593BCB /* MLDropDown.docc */ = {isa = PBXFileReference; lastKnownFileType = folder.documentationcatalog; path = MLDropDown.docc; sourceTree = "<group>"; };
		BB3A54F7296EBCAE00593BCB /* MLDropDownTests.xctest */ = {isa = PBXFileReference; explicitFileType = wrapper.cfbundle; includeInIndex = 0; path = MLDropDownTests.xctest; sourceTree = BUILT_PRODUCTS_DIR; };
		BB3A54FC296EBCAE00593BCB /* MLDropDownTests.swift */ = {isa = PBXFileReference; lastKnownFileType = sourcecode.swift; path = MLDropDownTests.swift; sourceTree = "<group>"; };
		BB3A550B296EBD2F00593BCB /* Example.app */ = {isa = PBXFileReference; explicitFileType = wrapper.application; includeInIndex = 0; path = Example.app; sourceTree = BUILT_PRODUCTS_DIR; };
		BB3A550D296EBD2F00593BCB /* AppDelegate.swift */ = {isa = PBXFileReference; lastKnownFileType = sourcecode.swift; path = AppDelegate.swift; sourceTree = "<group>"; };
		BB3A550F296EBD2F00593BCB /* SceneDelegate.swift */ = {isa = PBXFileReference; lastKnownFileType = sourcecode.swift; path = SceneDelegate.swift; sourceTree = "<group>"; };
		BB3A5511296EBD2F00593BCB /* ViewController.swift */ = {isa = PBXFileReference; lastKnownFileType = sourcecode.swift; path = ViewController.swift; sourceTree = "<group>"; };
		BB3A5514296EBD2F00593BCB /* Base */ = {isa = PBXFileReference; lastKnownFileType = file.storyboard; name = Base; path = Base.lproj/Main.storyboard; sourceTree = "<group>"; };
		BB3A5516296EBD3000593BCB /* Assets.xcassets */ = {isa = PBXFileReference; lastKnownFileType = folder.assetcatalog; path = Assets.xcassets; sourceTree = "<group>"; };
		BB3A5519296EBD3000593BCB /* Base */ = {isa = PBXFileReference; lastKnownFileType = file.storyboard; name = Base; path = Base.lproj/LaunchScreen.storyboard; sourceTree = "<group>"; };
		BB3A551B296EBD3000593BCB /* Info.plist */ = {isa = PBXFileReference; lastKnownFileType = text.plist.xml; path = Info.plist; sourceTree = "<group>"; };
/* End PBXFileReference section */

/* Begin PBXFrameworksBuildPhase section */
		BB3A54EA296EBCAD00593BCB /* Frameworks */ = {
			isa = PBXFrameworksBuildPhase;
			buildActionMask = 2147483647;
			files = (
			);
			runOnlyForDeploymentPostprocessing = 0;
		};
		BB3A54F4296EBCAE00593BCB /* Frameworks */ = {
			isa = PBXFrameworksBuildPhase;
			buildActionMask = 2147483647;
			files = (
				BB3A54F8296EBCAE00593BCB /* MLDropDown.framework in Frameworks */,
			);
			runOnlyForDeploymentPostprocessing = 0;
		};
		BB3A5508296EBD2F00593BCB /* Frameworks */ = {
			isa = PBXFrameworksBuildPhase;
			buildActionMask = 2147483647;
			files = (
			);
			runOnlyForDeploymentPostprocessing = 0;
		};
/* End PBXFrameworksBuildPhase section */

/* Begin PBXGroup section */
		BB3A54E3296EBCAD00593BCB = {
			isa = PBXGroup;
			children = (
				BB3A54EF296EBCAD00593BCB /* MLDropDown */,
				BB3A550C296EBD2F00593BCB /* Example */,
				BB3A54FB296EBCAE00593BCB /* MLDropDownTests */,
				BB3A54EE296EBCAD00593BCB /* Products */,
			);
			sourceTree = "<group>";
		};
		BB3A54EE296EBCAD00593BCB /* Products */ = {
			isa = PBXGroup;
			children = (
				BB3A54ED296EBCAD00593BCB /* MLDropDown.framework */,
				BB3A54F7296EBCAE00593BCB /* MLDropDownTests.xctest */,
				BB3A550B296EBD2F00593BCB /* Example.app */,
			);
			name = Products;
			sourceTree = "<group>";
		};
		BB3A54EF296EBCAD00593BCB /* MLDropDown */ = {
			isa = PBXGroup;
			children = (
				BB3A54F0296EBCAD00593BCB /* MLDropDown.h */,
				BB3A54F1296EBCAD00593BCB /* MLDropDown.docc */,
			);
			path = MLDropDown;
			sourceTree = "<group>";
		};
		BB3A54FB296EBCAE00593BCB /* MLDropDownTests */ = {
			isa = PBXGroup;
			children = (
				BB3A54FC296EBCAE00593BCB /* MLDropDownTests.swift */,
			);
			path = MLDropDownTests;
			sourceTree = "<group>";
		};
		BB3A550C296EBD2F00593BCB /* Example */ = {
			isa = PBXGroup;
			children = (
				BB3A550D296EBD2F00593BCB /* AppDelegate.swift */,
				BB3A550F296EBD2F00593BCB /* SceneDelegate.swift */,
				BB3A5511296EBD2F00593BCB /* ViewController.swift */,
				BB3A5513296EBD2F00593BCB /* Main.storyboard */,
				BB3A5516296EBD3000593BCB /* Assets.xcassets */,
				BB3A5518296EBD3000593BCB /* LaunchScreen.storyboard */,
				BB3A551B296EBD3000593BCB /* Info.plist */,
			);
			path = Example;
			sourceTree = "<group>";
		};
/* End PBXGroup section */

/* Begin PBXHeadersBuildPhase section */
		BB3A54E8296EBCAD00593BCB /* Headers */ = {
			isa = PBXHeadersBuildPhase;
			buildActionMask = 2147483647;
			files = (
				BB3A54FE296EBCAE00593BCB /* MLDropDown.h in Headers */,
			);
			runOnlyForDeploymentPostprocessing = 0;
		};
/* End PBXHeadersBuildPhase section */

/* Begin PBXNativeTarget section */
		BB3A54EC296EBCAD00593BCB /* MLDropDown */ = {
			isa = PBXNativeTarget;
			buildConfigurationList = BB3A5501296EBCAE00593BCB /* Build configuration list for PBXNativeTarget "MLDropDown" */;
			buildPhases = (
				BB3A54E8296EBCAD00593BCB /* Headers */,
				BB3A54E9296EBCAD00593BCB /* Sources */,
				BB3A54EA296EBCAD00593BCB /* Frameworks */,
				BB3A54EB296EBCAD00593BCB /* Resources */,
			);
			buildRules = (
			);
			dependencies = (
			);
			name = MLDropDown;
			productName = MLDropDown;
			productReference = BB3A54ED296EBCAD00593BCB /* MLDropDown.framework */;
			productType = "com.apple.product-type.framework";
		};
		BB3A54F6296EBCAE00593BCB /* MLDropDownTests */ = {
			isa = PBXNativeTarget;
			buildConfigurationList = BB3A5504296EBCAE00593BCB /* Build configuration list for PBXNativeTarget "MLDropDownTests" */;
			buildPhases = (
				BB3A54F3296EBCAE00593BCB /* Sources */,
				BB3A54F4296EBCAE00593BCB /* Frameworks */,
				BB3A54F5296EBCAE00593BCB /* Resources */,
			);
			buildRules = (
			);
			dependencies = (
				BB3A54FA296EBCAE00593BCB /* PBXTargetDependency */,
			);
			name = MLDropDownTests;
			productName = MLDropDownTests;
			productReference = BB3A54F7296EBCAE00593BCB /* MLDropDownTests.xctest */;
			productType = "com.apple.product-type.bundle.unit-test";
		};
		BB3A550A296EBD2F00593BCB /* Example */ = {
			isa = PBXNativeTarget;
			buildConfigurationList = BB3A551C296EBD3000593BCB /* Build configuration list for PBXNativeTarget "Example" */;
			buildPhases = (
				BB3A5507296EBD2F00593BCB /* Sources */,
				BB3A5508296EBD2F00593BCB /* Frameworks */,
				BB3A5509296EBD2F00593BCB /* Resources */,
			);
			buildRules = (
			);
			dependencies = (
			);
			name = Example;
			productName = Example;
			productReference = BB3A550B296EBD2F00593BCB /* Example.app */;
			productType = "com.apple.product-type.application";
		};
/* End PBXNativeTarget section */

/* Begin PBXProject section */
		BB3A54E4296EBCAD00593BCB /* Project object */ = {
			isa = PBXProject;
			attributes = {
				BuildIndependentTargetsInParallel = 1;
				LastSwiftUpdateCheck = 1410;
				LastUpgradeCheck = 1410;
				TargetAttributes = {
					BB3A54EC296EBCAD00593BCB = {
						CreatedOnToolsVersion = 14.1;
					};
					BB3A54F6296EBCAE00593BCB = {
						CreatedOnToolsVersion = 14.1;
					};
					BB3A550A296EBD2F00593BCB = {
						CreatedOnToolsVersion = 14.1;
					};
				};
			};
			buildConfigurationList = BB3A54E7296EBCAD00593BCB /* Build configuration list for PBXProject "MLDropDown" */;
			compatibilityVersion = "Xcode 14.0";
			developmentRegion = en;
			hasScannedForEncodings = 0;
			knownRegions = (
				en,
				Base,
			);
			mainGroup = BB3A54E3296EBCAD00593BCB;
			productRefGroup = BB3A54EE296EBCAD00593BCB /* Products */;
			projectDirPath = "";
			projectRoot = "";
			targets = (
				BB3A54EC296EBCAD00593BCB /* MLDropDown */,
				BB3A54F6296EBCAE00593BCB /* MLDropDownTests */,
				BB3A550A296EBD2F00593BCB /* Example */,
			);
		};
/* End PBXProject section */

/* Begin PBXResourcesBuildPhase section */
		BB3A54EB296EBCAD00593BCB /* Resources */ = {
			isa = PBXResourcesBuildPhase;
			buildActionMask = 2147483647;
			files = (
			);
			runOnlyForDeploymentPostprocessing = 0;
		};
		BB3A54F5296EBCAE00593BCB /* Resources */ = {
			isa = PBXResourcesBuildPhase;
			buildActionMask = 2147483647;
			files = (
			);
			runOnlyForDeploymentPostprocessing = 0;
		};
		BB3A5509296EBD2F00593BCB /* Resources */ = {
			isa = PBXResourcesBuildPhase;
			buildActionMask = 2147483647;
			files = (
				BB3A551A296EBD3000593BCB /* LaunchScreen.storyboard in Resources */,
				BB3A5517296EBD3000593BCB /* Assets.xcassets in Resources */,
				BB3A5515296EBD2F00593BCB /* Main.storyboard in Resources */,
			);
			runOnlyForDeploymentPostprocessing = 0;
		};
/* End PBXResourcesBuildPhase section */

/* Begin PBXSourcesBuildPhase section */
		BB3A54E9296EBCAD00593BCB /* Sources */ = {
			isa = PBXSourcesBuildPhase;
			buildActionMask = 2147483647;
			files = (
				BB3A54F2296EBCAD00593BCB /* MLDropDown.docc in Sources */,
			);
			runOnlyForDeploymentPostprocessing = 0;
		};
		BB3A54F3296EBCAE00593BCB /* Sources */ = {
			isa = PBXSourcesBuildPhase;
			buildActionMask = 2147483647;
			files = (
				BB3A54FD296EBCAE00593BCB /* MLDropDownTests.swift in Sources */,
			);
			runOnlyForDeploymentPostprocessing = 0;
		};
		BB3A5507296EBD2F00593BCB /* Sources */ = {
			isa = PBXSourcesBuildPhase;
			buildActionMask = 2147483647;
			files = (
				BB3A5512296EBD2F00593BCB /* ViewController.swift in Sources */,
				BB3A550E296EBD2F00593BCB /* AppDelegate.swift in Sources */,
				BB3A5510296EBD2F00593BCB /* SceneDelegate.swift in Sources */,
			);
			runOnlyForDeploymentPostprocessing = 0;
		};
/* End PBXSourcesBuildPhase section */

/* Begin PBXTargetDependency section */
		BB3A54FA296EBCAE00593BCB /* PBXTargetDependency */ = {
			isa = PBXTargetDependency;
			target = BB3A54EC296EBCAD00593BCB /* MLDropDown */;
			targetProxy = BB3A54F9296EBCAE00593BCB /* PBXContainerItemProxy */;
		};
/* End PBXTargetDependency section */

/* Begin PBXVariantGroup section */
		BB3A5513296EBD2F00593BCB /* Main.storyboard */ = {
			isa = PBXVariantGroup;
			children = (
				BB3A5514296EBD2F00593BCB /* Base */,
			);
			name = Main.storyboard;
			sourceTree = "<group>";
		};
		BB3A5518296EBD3000593BCB /* LaunchScreen.storyboard */ = {
			isa = PBXVariantGroup;
			children = (
				BB3A5519296EBD3000593BCB /* Base */,
			);
			name = LaunchScreen.storyboard;
			sourceTree = "<group>";
		};
/* End PBXVariantGroup section */

/* Begin XCBuildConfiguration section */
		BB3A54FF296EBCAE00593BCB /* Debug */ = {
			isa = XCBuildConfiguration;
			buildSettings = {
				ALWAYS_SEARCH_USER_PATHS = NO;
				CLANG_ANALYZER_NONNULL = YES;
				CLANG_ANALYZER_NUMBER_OBJECT_CONVERSION = YES_AGGRESSIVE;
				CLANG_CXX_LANGUAGE_STANDARD = "gnu++20";
				CLANG_ENABLE_MODULES = YES;
				CLANG_ENABLE_OBJC_ARC = YES;
				CLANG_ENABLE_OBJC_WEAK = YES;
				CLANG_WARN_BLOCK_CAPTURE_AUTORELEASING = YES;
				CLANG_WARN_BOOL_CONVERSION = YES;
				CLANG_WARN_COMMA = YES;
				CLANG_WARN_CONSTANT_CONVERSION = YES;
				CLANG_WARN_DEPRECATED_OBJC_IMPLEMENTATIONS = YES;
				CLANG_WARN_DIRECT_OBJC_ISA_USAGE = YES_ERROR;
				CLANG_WARN_DOCUMENTATION_COMMENTS = YES;
				CLANG_WARN_EMPTY_BODY = YES;
				CLANG_WARN_ENUM_CONVERSION = YES;
				CLANG_WARN_INFINITE_RECURSION = YES;
				CLANG_WARN_INT_CONVERSION = YES;
				CLANG_WARN_NON_LITERAL_NULL_CONVERSION = YES;
				CLANG_WARN_OBJC_IMPLICIT_RETAIN_SELF = YES;
				CLANG_WARN_OBJC_LITERAL_CONVERSION = YES;
				CLANG_WARN_OBJC_ROOT_CLASS = YES_ERROR;
				CLANG_WARN_QUOTED_INCLUDE_IN_FRAMEWORK_HEADER = YES;
				CLANG_WARN_RANGE_LOOP_ANALYSIS = YES;
				CLANG_WARN_STRICT_PROTOTYPES = YES;
				CLANG_WARN_SUSPICIOUS_MOVE = YES;
				CLANG_WARN_UNGUARDED_AVAILABILITY = YES_AGGRESSIVE;
				CLANG_WARN_UNREACHABLE_CODE = YES;
				CLANG_WARN__DUPLICATE_METHOD_MATCH = YES;
				COPY_PHASE_STRIP = NO;
				CURRENT_PROJECT_VERSION = 1;
				DEBUG_INFORMATION_FORMAT = dwarf;
				ENABLE_STRICT_OBJC_MSGSEND = YES;
				ENABLE_TESTABILITY = YES;
				GCC_C_LANGUAGE_STANDARD = gnu11;
				GCC_DYNAMIC_NO_PIC = NO;
				GCC_NO_COMMON_BLOCKS = YES;
				GCC_OPTIMIZATION_LEVEL = 0;
				GCC_PREPROCESSOR_DEFINITIONS = (
					"DEBUG=1",
					"$(inherited)",
				);
				GCC_WARN_64_TO_32_BIT_CONVERSION = YES;
				GCC_WARN_ABOUT_RETURN_TYPE = YES_ERROR;
				GCC_WARN_UNDECLARED_SELECTOR = YES;
				GCC_WARN_UNINITIALIZED_AUTOS = YES_AGGRESSIVE;
				GCC_WARN_UNUSED_FUNCTION = YES;
				GCC_WARN_UNUSED_VARIABLE = YES;
				IPHONEOS_DEPLOYMENT_TARGET = 16.1;
				MTL_ENABLE_DEBUG_INFO = INCLUDE_SOURCE;
				MTL_FAST_MATH = YES;
				ONLY_ACTIVE_ARCH = YES;
				SDKROOT = iphoneos;
				SWIFT_ACTIVE_COMPILATION_CONDITIONS = DEBUG;
				SWIFT_OPTIMIZATION_LEVEL = "-Onone";
				VERSIONING_SYSTEM = "apple-generic";
				VERSION_INFO_PREFIX = "";
			};
			name = Debug;
		};
		BB3A5500296EBCAE00593BCB /* Release */ = {
			isa = XCBuildConfiguration;
			buildSettings = {
				ALWAYS_SEARCH_USER_PATHS = NO;
				CLANG_ANALYZER_NONNULL = YES;
				CLANG_ANALYZER_NUMBER_OBJECT_CONVERSION = YES_AGGRESSIVE;
				CLANG_CXX_LANGUAGE_STANDARD = "gnu++20";
				CLANG_ENABLE_MODULES = YES;
				CLANG_ENABLE_OBJC_ARC = YES;
				CLANG_ENABLE_OBJC_WEAK = YES;
				CLANG_WARN_BLOCK_CAPTURE_AUTORELEASING = YES;
				CLANG_WARN_BOOL_CONVERSION = YES;
				CLANG_WARN_COMMA = YES;
				CLANG_WARN_CONSTANT_CONVERSION = YES;
				CLANG_WARN_DEPRECATED_OBJC_IMPLEMENTATIONS = YES;
				CLANG_WARN_DIRECT_OBJC_ISA_USAGE = YES_ERROR;
				CLANG_WARN_DOCUMENTATION_COMMENTS = YES;
				CLANG_WARN_EMPTY_BODY = YES;
				CLANG_WARN_ENUM_CONVERSION = YES;
				CLANG_WARN_INFINITE_RECURSION = YES;
				CLANG_WARN_INT_CONVERSION = YES;
				CLANG_WARN_NON_LITERAL_NULL_CONVERSION = YES;
				CLANG_WARN_OBJC_IMPLICIT_RETAIN_SELF = YES;
				CLANG_WARN_OBJC_LITERAL_CONVERSION = YES;
				CLANG_WARN_OBJC_ROOT_CLASS = YES_ERROR;
				CLANG_WARN_QUOTED_INCLUDE_IN_FRAMEWORK_HEADER = YES;
				CLANG_WARN_RANGE_LOOP_ANALYSIS = YES;
				CLANG_WARN_STRICT_PROTOTYPES = YES;
				CLANG_WARN_SUSPICIOUS_MOVE = YES;
				CLANG_WARN_UNGUARDED_AVAILABILITY = YES_AGGRESSIVE;
				CLANG_WARN_UNREACHABLE_CODE = YES;
				CLANG_WARN__DUPLICATE_METHOD_MATCH = YES;
				COPY_PHASE_STRIP = NO;
				CURRENT_PROJECT_VERSION = 1;
				DEBUG_INFORMATION_FORMAT = "dwarf-with-dsym";
				ENABLE_NS_ASSERTIONS = NO;
				ENABLE_STRICT_OBJC_MSGSEND = YES;
				GCC_C_LANGUAGE_STANDARD = gnu11;
				GCC_NO_COMMON_BLOCKS = YES;
				GCC_WARN_64_TO_32_BIT_CONVERSION = YES;
				GCC_WARN_ABOUT_RETURN_TYPE = YES_ERROR;
				GCC_WARN_UNDECLARED_SELECTOR = YES;
				GCC_WARN_UNINITIALIZED_AUTOS = YES_AGGRESSIVE;
				GCC_WARN_UNUSED_FUNCTION = YES;
				GCC_WARN_UNUSED_VARIABLE = YES;
				IPHONEOS_DEPLOYMENT_TARGET = 16.1;
				MTL_ENABLE_DEBUG_INFO = NO;
				MTL_FAST_MATH = YES;
				SDKROOT = iphoneos;
				SWIFT_COMPILATION_MODE = wholemodule;
				SWIFT_OPTIMIZATION_LEVEL = "-O";
				VALIDATE_PRODUCT = YES;
				VERSIONING_SYSTEM = "apple-generic";
				VERSION_INFO_PREFIX = "";
			};
			name = Release;
		};
		BB3A5502296EBCAE00593BCB /* Debug */ = {
			isa = XCBuildConfiguration;
			buildSettings = {
				CODE_SIGN_STYLE = Automatic;
				CURRENT_PROJECT_VERSION = 1;
				DEFINES_MODULE = YES;
				DEVELOPMENT_TEAM = SG8WKWH7TV;
				DYLIB_COMPATIBILITY_VERSION = 1;
				DYLIB_CURRENT_VERSION = 1;
				DYLIB_INSTALL_NAME_BASE = "@rpath";
				GENERATE_INFOPLIST_FILE = YES;
				INFOPLIST_KEY_NSHumanReadableCopyright = "";
				INSTALL_PATH = "$(LOCAL_LIBRARY_DIR)/Frameworks";
				LD_RUNPATH_SEARCH_PATHS = (
					"$(inherited)",
					"@executable_path/Frameworks",
					"@loader_path/Frameworks",
				);
				MARKETING_VERSION = 1.0;
				PRODUCT_BUNDLE_IDENTIFIER = theannguyen98.MLDropDown;
				PRODUCT_NAME = "$(TARGET_NAME:c99extidentifier)";
				SKIP_INSTALL = YES;
				SWIFT_EMIT_LOC_STRINGS = YES;
				SWIFT_VERSION = 5.0;
				TARGETED_DEVICE_FAMILY = "1,2";
			};
			name = Debug;
		};
		BB3A5503296EBCAE00593BCB /* Release */ = {
			isa = XCBuildConfiguration;
			buildSettings = {
				CODE_SIGN_STYLE = Automatic;
				CURRENT_PROJECT_VERSION = 1;
				DEFINES_MODULE = YES;
				DEVELOPMENT_TEAM = SG8WKWH7TV;
				DYLIB_COMPATIBILITY_VERSION = 1;
				DYLIB_CURRENT_VERSION = 1;
				DYLIB_INSTALL_NAME_BASE = "@rpath";
				GENERATE_INFOPLIST_FILE = YES;
				INFOPLIST_KEY_NSHumanReadableCopyright = "";
				INSTALL_PATH = "$(LOCAL_LIBRARY_DIR)/Frameworks";
				LD_RUNPATH_SEARCH_PATHS = (
					"$(inherited)",
					"@executable_path/Frameworks",
					"@loader_path/Frameworks",
				);
				MARKETING_VERSION = 1.0;
				PRODUCT_BUNDLE_IDENTIFIER = theannguyen98.MLDropDown;
				PRODUCT_NAME = "$(TARGET_NAME:c99extidentifier)";
				SKIP_INSTALL = YES;
				SWIFT_EMIT_LOC_STRINGS = YES;
				SWIFT_VERSION = 5.0;
				TARGETED_DEVICE_FAMILY = "1,2";
			};
			name = Release;
		};
		BB3A5505296EBCAE00593BCB /* Debug */ = {
			isa = XCBuildConfiguration;
			buildSettings = {
				CODE_SIGN_STYLE = Automatic;
				CURRENT_PROJECT_VERSION = 1;
				DEVELOPMENT_TEAM = SG8WKWH7TV;
				GENERATE_INFOPLIST_FILE = YES;
				MARKETING_VERSION = 1.0;
				PRODUCT_BUNDLE_IDENTIFIER = theannguyen98.MLDropDownTests;
				PRODUCT_NAME = "$(TARGET_NAME)";
				SWIFT_EMIT_LOC_STRINGS = NO;
				SWIFT_VERSION = 5.0;
				TARGETED_DEVICE_FAMILY = "1,2";
			};
			name = Debug;
		};
		BB3A5506296EBCAE00593BCB /* Release */ = {
			isa = XCBuildConfiguration;
			buildSettings = {
				CODE_SIGN_STYLE = Automatic;
				CURRENT_PROJECT_VERSION = 1;
				DEVELOPMENT_TEAM = SG8WKWH7TV;
				GENERATE_INFOPLIST_FILE = YES;
				MARKETING_VERSION = 1.0;
				PRODUCT_BUNDLE_IDENTIFIER = theannguyen98.MLDropDownTests;
				PRODUCT_NAME = "$(TARGET_NAME)";
				SWIFT_EMIT_LOC_STRINGS = NO;
				SWIFT_VERSION = 5.0;
				TARGETED_DEVICE_FAMILY = "1,2";
			};
			name = Release;
		};
		BB3A551D296EBD3000593BCB /* Debug */ = {
			isa = XCBuildConfiguration;
			buildSettings = {
				ASSETCATALOG_COMPILER_APPICON_NAME = AppIcon;
				ASSETCATALOG_COMPILER_GLOBAL_ACCENT_COLOR_NAME = AccentColor;
				CODE_SIGN_STYLE = Automatic;
				CURRENT_PROJECT_VERSION = 1;
				DEVELOPMENT_TEAM = SG8WKWH7TV;
				GENERATE_INFOPLIST_FILE = YES;
				INFOPLIST_FILE = Example/Info.plist;
				INFOPLIST_KEY_UIApplicationSupportsIndirectInputEvents = YES;
				INFOPLIST_KEY_UILaunchStoryboardName = LaunchScreen;
				INFOPLIST_KEY_UIMainStoryboardFile = Main;
				INFOPLIST_KEY_UISupportedInterfaceOrientations_iPad = "UIInterfaceOrientationPortrait UIInterfaceOrientationPortraitUpsideDown UIInterfaceOrientationLandscapeLeft UIInterfaceOrientationLandscapeRight";
				INFOPLIST_KEY_UISupportedInterfaceOrientations_iPhone = "UIInterfaceOrientationPortrait UIInterfaceOrientationLandscapeLeft UIInterfaceOrientationLandscapeRight";
				LD_RUNPATH_SEARCH_PATHS = (
					"$(inherited)",
					"@executable_path/Frameworks",
				);
				MARKETING_VERSION = 1.0;
				PRODUCT_BUNDLE_IDENTIFIER = theannguyen98.Example;
				PRODUCT_NAME = "$(TARGET_NAME)";
				SWIFT_EMIT_LOC_STRINGS = YES;
				SWIFT_VERSION = 5.0;
				TARGETED_DEVICE_FAMILY = "1,2";
			};
			name = Debug;
		};
		BB3A551E296EBD3000593BCB /* Release */ = {
			isa = XCBuildConfiguration;
			buildSettings = {
				ASSETCATALOG_COMPILER_APPICON_NAME = AppIcon;
				ASSETCATALOG_COMPILER_GLOBAL_ACCENT_COLOR_NAME = AccentColor;
				CODE_SIGN_STYLE = Automatic;
				CURRENT_PROJECT_VERSION = 1;
				DEVELOPMENT_TEAM = SG8WKWH7TV;
				GENERATE_INFOPLIST_FILE = YES;
				INFOPLIST_FILE = Example/Info.plist;
				INFOPLIST_KEY_UIApplicationSupportsIndirectInputEvents = YES;
				INFOPLIST_KEY_UILaunchStoryboardName = LaunchScreen;
				INFOPLIST_KEY_UIMainStoryboardFile = Main;
				INFOPLIST_KEY_UISupportedInterfaceOrientations_iPad = "UIInterfaceOrientationPortrait UIInterfaceOrientationPortraitUpsideDown UIInterfaceOrientationLandscapeLeft UIInterfaceOrientationLandscapeRight";
				INFOPLIST_KEY_UISupportedInterfaceOrientations_iPhone = "UIInterfaceOrientationPortrait UIInterfaceOrientationLandscapeLeft UIInterfaceOrientationLandscapeRight";
				LD_RUNPATH_SEARCH_PATHS = (
					"$(inherited)",
					"@executable_path/Frameworks",
				);
				MARKETING_VERSION = 1.0;
				PRODUCT_BUNDLE_IDENTIFIER = theannguyen98.Example;
				PRODUCT_NAME = "$(TARGET_NAME)";
				SWIFT_EMIT_LOC_STRINGS = YES;
				SWIFT_VERSION = 5.0;
				TARGETED_DEVICE_FAMILY = "1,2";
			};
			name = Release;
		};
/* End XCBuildConfiguration section */

/* Begin XCConfigurationList section */
		BB3A54E7296EBCAD00593BCB /* Build configuration list for PBXProject "MLDropDown" */ = {
			isa = XCConfigurationList;
			buildConfigurations = (
				BB3A54FF296EBCAE00593BCB /* Debug */,
				BB3A5500296EBCAE00593BCB /* Release */,
			);
			defaultConfigurationIsVisible = 0;
			defaultConfigurationName = Release;
		};
		BB3A5501296EBCAE00593BCB /* Build configuration list for PBXNativeTarget "MLDropDown" */ = {
			isa = XCConfigurationList;
			buildConfigurations = (
				BB3A5502296EBCAE00593BCB /* Debug */,
				BB3A5503296EBCAE00593BCB /* Release */,
			);
			defaultConfigurationIsVisible = 0;
			defaultConfigurationName = Release;
		};
		BB3A5504296EBCAE00593BCB /* Build configuration list for PBXNativeTarget "MLDropDownTests" */ = {
			isa = XCConfigurationList;
			buildConfigurations = (
				BB3A5505296EBCAE00593BCB /* Debug */,
				BB3A5506296EBCAE00593BCB /* Release */,
			);
			defaultConfigurationIsVisible = 0;
			defaultConfigurationName = Release;
		};
		BB3A551C296EBD3000593BCB /* Build configuration list for PBXNativeTarget "Example" */ = {
			isa = XCConfigurationList;
			buildConfigurations = (
				BB3A551D296EBD3000593BCB /* Debug */,
				BB3A551E296EBD3000593BCB /* Release */,
			);
			defaultConfigurationIsVisible = 0;
			defaultConfigurationName = Release;
		};
/* End XCConfigurationList section */
	};
	rootObject = BB3A54E4296EBCAD00593BCB /* Project object */;
}
